
Microsoft Visual Studio Solution File, Format Version 12.00
# Visual Studio 15
VisualStudioVersion = 15.0.27703.2042
MinimumVisualStudioVersion = 10.0.40219.1
Project("{FAE04EC0-301F-11D3-BF4B-00C04F79EFBC}") = "InitializerLesson", "InitializerLesson\InitializerLesson.csproj", "{4019A552-36EA-4DAB-87EF-EE84A397DA28}"
EndProject
Global
	GlobalSection(SolutionConfigurationPlatforms) = preSolution
		Debug|Any CPU = Debug|Any CPU
		Release|Any CPU = Release|Any CPU
	EndGlobalSection
	GlobalSection(ProjectConfigurationPlatforms) = postSolution
		{4019A552-36EA-4DAB-87EF-EE84A397DA28}.Debug|Any CPU.ActiveCfg = Debug|Any CPU
		{4019A552-36EA-4DAB-87EF-EE84A397DA28}.Debug|Any CPU.Build.0 = Debug|Any CPU
		{4019A552-36EA-4DAB-87EF-EE84A397DA28}.Release|Any CPU.ActiveCfg = Release|Any CPU
		{4019A552-36EA-4DAB-87EF-EE84A397DA28}.Release|Any CPU.Build.0 = Release|Any CPU
	EndGlobalSection
	GlobalSection(SolutionProperties) = preSolution
		HideSolutionNode = FALSE
	EndGlobalSection
	GlobalSection(ExtensibilityGlobals) = postSolution
		SolutionGuid = {1A4FFFCE-3AB7-4852-B5FC-D23AEDA98C6A}
	EndGlobalSection
EndGlobal
